
Microsoft Visual Studio Solution File, Format Version 12.00
# Visual Studio Version 17
VisualStudioVersion = 17.14.36915.13 d17.14
MinimumVisualStudioVersion = 10.0.40219.1
Project("{FAE04EC0-301F-11D3-BF4B-00C04F79EFBC}") = "PairProgramming-Zawadzki", "PairProgramming-Zawadzki\PairProgramming-Zawadzki.csproj", "{0959BF74-EE96-4B30-95A2-8117B5ACB303}"
EndProject
Global
	GlobalSection(SolutionConfigurationPlatforms) = preSolution
		Debug|Any CPU = Debug|Any CPU
		Release|Any CPU = Release|Any CPU
	EndGlobalSection
	GlobalSection(ProjectConfigurationPlatforms) = postSolution
		{0959BF74-EE96-4B30-95A2-8117B5ACB303}.Debug|Any CPU.ActiveCfg = Debug|Any CPU
		{0959BF74-EE96-4B30-95A2-8117B5ACB303}.Debug|Any CPU.Build.0 = Debug|Any CPU
		{0959BF74-EE96-4B30-95A2-8117B5ACB303}.Release|Any CPU.ActiveCfg = Release|Any CPU
		{0959BF74-EE96-4B30-95A2-8117B5ACB303}.Release|Any CPU.Build.0 = Release|Any CPU
	EndGlobalSection
	GlobalSection(SolutionProperties) = preSolution
		HideSolutionNode = FALSE
	EndGlobalSection
	GlobalSection(ExtensibilityGlobals) = postSolution
		SolutionGuid = {018D1DCF-0794-4852-AF81-AC3C13288797}
	EndGlobalSection
EndGlobal
